format foundation.lock/v1
root remolo.cli 1.0.0
target linux
package remolo.codec 1.0.0 sha256:0b669009e86d2d19ad75fb45e813fbc25b11c68889b94a2bc9e5a74dadda0f70 path ../../packages/codec
package remolo.crypto 1.0.0 sha256:3ea8b896bdd067940c183f08860421c535179e35b1cf5e7e773d1c6cd0865dca path ../../packages/crypto
package remolo.dirsync 1.0.0 sha256:e90e57ef92e997fc73816b23b4c6fed4962daf1ab212e707715cc51bce562a3d path ../../packages/dirsync
package remolo.filetransfer 1.0.0 sha256:6f37892479519817615b6ccb63722da9fe533403e287ded2a31c3e8ba013fbea path ../../packages/filetransfer
package remolo.identity 1.0.0 sha256:5066d6ee82c3977d591a73bddf1ef874e3c5e1e7d837317dc178060621ea4b13 path ../../packages/identity
package remolo.mux 1.0.0 sha256:1e4c7941c9b6cf65afc251c5328e5e9f925c57ff0939f4c362141bfba39b5fff path ../../packages/mux
package remolo.protocol 1.0.0 sha256:74407c717e7e42480eaa46fa54f81ddeae0690473e744ef2998d5d424284e405 path ../../packages/protocol
package remolo.relay 1.0.0 sha256:7c735240fee864e6cf8556c811fdba8ad27410656206bb64dda397e4ddacee69 path ../../packages/relay
package remolo.session 1.0.0 sha256:ef3a8f1bcb138a84124d504f8b853f42febeb371c0fae05cfb08e18a776b1de1 path ../../packages/session
package remolo.token 1.0.0 sha256:59a45efec141d890479a3fe1bb2c2a86fa7d300a9241c4242915a3162019bbb8 path ../../packages/token
package remolo.transport 1.0.0 sha256:c45ab9abf13fdf0815933c5d7827982965f831195abfbdfdda22b2f7c0a217dd path ../../packages/transport
package remolo.tunnel 1.0.0 sha256:af319117578c29494644e99554369bd0afe5b44032f902d5371b1b443cdede1e path ../../packages/tunnel
edge remolo.cli remolo.dirsync
edge remolo.cli remolo.protocol
edge remolo.cli remolo.session
edge remolo.cli remolo.token
edge remolo.dirsync remolo.mux
edge remolo.dirsync remolo.protocol
edge remolo.filetransfer remolo.mux
edge remolo.filetransfer remolo.protocol
edge remolo.mux remolo.protocol
edge remolo.mux remolo.transport
edge remolo.session remolo.crypto
edge remolo.session remolo.dirsync
edge remolo.session remolo.filetransfer
edge remolo.session remolo.identity
edge remolo.session remolo.mux
edge remolo.session remolo.protocol
edge remolo.session remolo.relay
edge remolo.session remolo.token
edge remolo.session remolo.transport
edge remolo.session remolo.tunnel
edge remolo.token remolo.codec
edge remolo.transport remolo.protocol
edge remolo.tunnel remolo.mux
edge remolo.tunnel remolo.protocol
