format foundation.lock/v1
root remolo.dirsync 1.0.0
target linux
package remolo.mux 1.0.0 sha256:1e4c7941c9b6cf65afc251c5328e5e9f925c57ff0939f4c362141bfba39b5fff path ../mux
package remolo.protocol 1.0.0 sha256:74407c717e7e42480eaa46fa54f81ddeae0690473e744ef2998d5d424284e405 path ../protocol
package remolo.transport 1.0.0 sha256:c45ab9abf13fdf0815933c5d7827982965f831195abfbdfdda22b2f7c0a217dd path ../transport
edge remolo.dirsync remolo.mux
edge remolo.dirsync remolo.protocol
edge remolo.mux remolo.protocol
edge remolo.mux remolo.transport
edge remolo.transport remolo.protocol
